
Microsoft Visual Studio Solution File, Format Version 12.00
# Visual Studio Version 16
VisualStudioVersion = 16.0.33130.400
MinimumVisualStudioVersion = 10.0.40219.1
Project("{FAE04EC0-301F-11D3-BF4B-00C04F79EFBC}") = "Mission08_Group07", "Mission08_Group07\Mission08_Group07.csproj", "{0BE5EBE5-DE42-44A6-B8CD-A17A43ADEF89}"
EndProject
Global
	GlobalSection(SolutionConfigurationPlatforms) = preSolution
		Debug|Any CPU = Debug|Any CPU
		Release|Any CPU = Release|Any CPU
	EndGlobalSection
	GlobalSection(ProjectConfigurationPlatforms) = postSolution
		{0BE5EBE5-DE42-44A6-B8CD-A17A43ADEF89}.Debug|Any CPU.ActiveCfg = Debug|Any CPU
		{0BE5EBE5-DE42-44A6-B8CD-A17A43ADEF89}.Debug|Any CPU.Build.0 = Debug|Any CPU
		{0BE5EBE5-DE42-44A6-B8CD-A17A43ADEF89}.Release|Any CPU.ActiveCfg = Release|Any CPU
		{0BE5EBE5-DE42-44A6-B8CD-A17A43ADEF89}.Release|Any CPU.Build.0 = Release|Any CPU
	EndGlobalSection
	GlobalSection(SolutionProperties) = preSolution
		HideSolutionNode = FALSE
	EndGlobalSection
	GlobalSection(ExtensibilityGlobals) = postSolution
		SolutionGuid = {49D3D711-4D9F-410D-95A7-B1253E9D757D}
	EndGlobalSection
EndGlobal
